
Microsoft Visual Studio Solution File, Format Version 12.00
Project("{FAE04EC0-301F-11D3-BF4B-00C04F79EFBC}") = "AiNavigator.BrowserAgent", "src\AiNavigator.BrowserAgent\AiNavigator.BrowserAgent.csproj", "{139F3014-E8A6-4B36-851F-E2CC9F5ABF7C}"
EndProject
Global
	GlobalSection(SolutionConfigurationPlatforms) = preSolution
		Debug|Any CPU = Debug|Any CPU
		Release|Any CPU = Release|Any CPU
	EndGlobalSection
	GlobalSection(ProjectConfigurationPlatforms) = postSolution
		{139F3014-E8A6-4B36-851F-E2CC9F5ABF7C}.Debug|Any CPU.ActiveCfg = Debug|Any CPU
		{139F3014-E8A6-4B36-851F-E2CC9F5ABF7C}.Debug|Any CPU.Build.0 = Debug|Any CPU
		{139F3014-E8A6-4B36-851F-E2CC9F5ABF7C}.Release|Any CPU.ActiveCfg = Release|Any CPU
		{139F3014-E8A6-4B36-851F-E2CC9F5ABF7C}.Release|Any CPU.Build.0 = Release|Any CPU
	EndGlobalSection
EndGlobal
